
Microsoft Visual Studio Solution File, Format Version 12.00
# Visual Studio Version 17
VisualStudioVersion = 17.0.31815.197
MinimumVisualStudioVersion = 10.0.40219.1
Project("{FAE04EC0-301F-11D3-BF4B-00C04F79EFBC}") = "AbstractModels", "AbstractModels\AbstractModels.csproj", "{3A5128C6-4E88-474A-9CF3-5584CDDBC018}"
EndProject
Project("{FAE04EC0-301F-11D3-BF4B-00C04F79EFBC}") = "AbstractTestLib", "AbstractTestLib\AbstractTestLib.csproj", "{6C16D13C-8197-4B54-93B0-E69A89D12077}"
EndProject
Global
	GlobalSection(SolutionConfigurationPlatforms) = preSolution
		Debug|Any CPU = Debug|Any CPU
		Release|Any CPU = Release|Any CPU
	EndGlobalSection
	GlobalSection(ProjectConfigurationPlatforms) = postSolution
		{3A5128C6-4E88-474A-9CF3-5584CDDBC018}.Debug|Any CPU.ActiveCfg = Debug|Any CPU
		{3A5128C6-4E88-474A-9CF3-5584CDDBC018}.Debug|Any CPU.Build.0 = Debug|Any CPU
		{3A5128C6-4E88-474A-9CF3-5584CDDBC018}.Release|Any CPU.ActiveCfg = Release|Any CPU
		{3A5128C6-4E88-474A-9CF3-5584CDDBC018}.Release|Any CPU.Build.0 = Release|Any CPU
		{6C16D13C-8197-4B54-93B0-E69A89D12077}.Debug|Any CPU.ActiveCfg = Debug|Any CPU
		{6C16D13C-8197-4B54-93B0-E69A89D12077}.Debug|Any CPU.Build.0 = Debug|Any CPU
		{6C16D13C-8197-4B54-93B0-E69A89D12077}.Release|Any CPU.ActiveCfg = Release|Any CPU
		{6C16D13C-8197-4B54-93B0-E69A89D12077}.Release|Any CPU.Build.0 = Release|Any CPU
	EndGlobalSection
	GlobalSection(SolutionProperties) = preSolution
		HideSolutionNode = FALSE
	EndGlobalSection
	GlobalSection(ExtensibilityGlobals) = postSolution
		SolutionGuid = {A8CF0A0A-6B2A-4A78-B862-135E6A103287}
	EndGlobalSection
EndGlobal
